// !$*UTF8*$!
{
	archiveVersion = 1;
	classes = {
	};
	objectVersion = 56;
	objects = {

/* Begin PBXBuildFile section */
		DAA5CCDA2A94800F00003DBD /* AppDelegate.swift in Sources */ = {isa = PBXBuildFile; fileRef = DAA5CCD92A94800F00003DBD /* AppDelegate.swift */; };
		DAA5CCDC2A94800F00003DBD /* SceneDelegate.swift in Sources */ = {isa = PBXBuildFile; fileRef = DAA5CCDB2A94800F00003DBD /* SceneDelegate.swift */; };
		DAA5CCDE2A94800F00003DBD /* ViewController.swift in Sources */ = {isa = PBXBuildFile; fileRef = DAA5CCDD2A94800F00003DBD /* ViewController.swift */; };
		DAA5CCE12A94800F00003DBD /* Main.storyboard in Resources */ = {isa = PBXBuildFile; fileRef = DAA5CCDF2A94800F00003DBD /* Main.storyboard */; };
		DAA5CCE32A94801000003DBD /* Assets.xcassets in Resources */ = {isa = PBXBuildFile; fileRef = DAA5CCE22A94801000003DBD /* Assets.xcassets */; };
		DAA5CCE62A94801000003DBD /* LaunchScreen.storyboard in Resources */ = {isa = PBXBuildFile; fileRef = DAA5CCE42A94801000003DBD /* LaunchScreen.storyboard */; };
		DAA5CCF12A94801000003DBD /* TossBenefitTabTests.swift in Sources */ = {isa = PBXBuildFile; fileRef = DAA5CCF02A94801000003DBD /* TossBenefitTabTests.swift */; };
		DAA5CCFB2A94801000003DBD /* TossBenefitTabUITests.swift in Sources */ = {isa = PBXBuildFile; fileRef = DAA5CCFA2A94801000003DBD /* TossBenefitTabUITests.swift */; };
		DAA5CCFD2A94801000003DBD /* TossBenefitTabUITestsLaunchTests.swift in Sources */ = {isa = PBXBuildFile; fileRef = DAA5CCFC2A94801000003DBD /* TossBenefitTabUITestsLaunchTests.swift */; };
/* End PBXBuildFile section */

/* Begin PBXContainerItemProxy section */
		DAA5CCED2A94801000003DBD /* PBXContainerItemProxy */ = {
			isa = PBXContainerItemProxy;
			containerPortal = DAA5CCCE2A94800F00003DBD /* Project object */;
			proxyType = 1;
			remoteGlobalIDString = DAA5CCD52A94800F00003DBD;
			remoteInfo = TossBenefitTab;
		};
		DAA5CCF72A94801000003DBD /* PBXContainerItemProxy */ = {
			isa = PBXContainerItemProxy;
			containerPortal = DAA5CCCE2A94800F00003DBD /* Project object */;
			proxyType = 1;
			remoteGlobalIDString = DAA5CCD52A94800F00003DBD;
			remoteInfo = TossBenefitTab;
		};
/* End PBXContainerItemProxy section */

/* Begin PBXFileReference section */
		DAA5CCD62A94800F00003DBD /* TossBenefitTab.app */ = {isa = PBXFileReference; explicitFileType = wrapper.application; includeInIndex = 0; path = TossBenefitTab.app; sourceTree = BUILT_PRODUCTS_DIR; };
		DAA5CCD92A94800F00003DBD /* AppDelegate.swift */ = {isa = PBXFileReference; lastKnownFileType = sourcecode.swift; path = AppDelegate.swift; sourceTree = "<group>"; };
		DAA5CCDB2A94800F00003DBD /* SceneDelegate.swift */ = {isa = PBXFileReference; lastKnownFileType = sourcecode.swift; path = SceneDelegate.swift; sourceTree = "<group>"; };
		DAA5CCDD2A94800F00003DBD /* ViewController.swift */ = {isa = PBXFileReference; lastKnownFileType = sourcecode.swift; path = ViewController.swift; sourceTree = "<group>"; };
		DAA5CCE02A94800F00003DBD /* Base */ = {isa = PBXFileReference; lastKnownFileType = file.storyboard; name = Base; path = Base.lproj/Main.storyboard; sourceTree = "<group>"; };
		DAA5CCE22A94801000003DBD /* Assets.xcassets */ = {isa = PBXFileReference; lastKnownFileType = folder.assetcatalog; path = Assets.xcassets; sourceTree = "<group>"; };
		DAA5CCE52A94801000003DBD /* Base */ = {isa = PBXFileReference; lastKnownFileType = file.storyboard; name = Base; path = Base.lproj/LaunchScreen.storyboard; sourceTree = "<group>"; };
		DAA5CCE72A94801000003DBD /* Info.plist */ = {isa = PBXFileReference; lastKnownFileType = text.plist.xml; path = Info.plist; sourceTree = "<group>"; };
		DAA5CCEC2A94801000003DBD /* TossBenefitTabTests.xctest */ = {isa = PBXFileReference; explicitFileType = wrapper.cfbundle; includeInIndex = 0; path = TossBenefitTabTests.xctest; sourceTree = BUILT_PRODUCTS_DIR; };
		DAA5CCF02A94801000003DBD /* TossBenefitTabTests.swift */ = {isa = PBXFileReference; lastKnownFileType = sourcecode.swift; path = TossBenefitTabTests.swift; sourceTree = "<group>"; };
		DAA5CCF62A94801000003DBD /* TossBenefitTabUITests.xctest */ = {isa = PBXFileReference; explicitFileType = wrapper.cfbundle; includeInIndex = 0; path = TossBenefitTabUITests.xctest; sourceTree = BUILT_PRODUCTS_DIR; };
		DAA5CCFA2A94801000003DBD /* TossBenefitTabUITests.swift */ = {isa = PBXFileReference; lastKnownFileType = sourcecode.swift; path = TossBenefitTabUITests.swift; sourceTree = "<group>"; };
		DAA5CCFC2A94801000003DBD /* TossBenefitTabUITestsLaunchTests.swift */ = {isa = PBXFileReference; lastKnownFileType = sourcecode.swift; path = TossBenefitTabUITestsLaunchTests.swift; sourceTree = "<group>"; };
/* End PBXFileReference section */

/* Begin PBXFrameworksBuildPhase section */
		DAA5CCD32A94800F00003DBD /* Frameworks */ = {
			isa = PBXFrameworksBuildPhase;
			buildActionMask = 2147483647;
			files = (
			);
			runOnlyForDeploymentPostprocessing = 0;
		};
		DAA5CCE92A94801000003DBD /* Frameworks */ = {
			isa = PBXFrameworksBuildPhase;
			buildActionMask = 2147483647;
			files = (
			);
			runOnlyForDeploymentPostprocessing = 0;
		};
		DAA5CCF32A94801000003DBD /* Frameworks */ = {
			isa = PBXFrameworksBuildPhase;
			buildActionMask = 2147483647;
			files = (
			);
			runOnlyForDeploymentPostprocessing = 0;
		};
/* End PBXFrameworksBuildPhase section */

/* Begin PBXGroup section */
		DAA5CCCD2A94800F00003DBD = {
			isa = PBXGroup;
			children = (
				DAA5CCD82A94800F00003DBD /* TossBenefitTab */,
				DAA5CCEF2A94801000003DBD /* TossBenefitTabTests */,
				DAA5CCF92A94801000003DBD /* TossBenefitTabUITests */,
				DAA5CCD72A94800F00003DBD /* Products */,
			);
			sourceTree = "<group>";
		};
		DAA5CCD72A94800F00003DBD /* Products */ = {
			isa = PBXGroup;
			children = (
				DAA5CCD62A94800F00003DBD /* TossBenefitTab.app */,
				DAA5CCEC2A94801000003DBD /* TossBenefitTabTests.xctest */,
				DAA5CCF62A94801000003DBD /* TossBenefitTabUITests.xctest */,
			);
			name = Products;
			sourceTree = "<group>";
		};
		DAA5CCD82A94800F00003DBD /* TossBenefitTab */ = {
			isa = PBXGroup;
			children = (
				DAA5CCD92A94800F00003DBD /* AppDelegate.swift */,
				DAA5CCDB2A94800F00003DBD /* SceneDelegate.swift */,
				DAA5CCDD2A94800F00003DBD /* ViewController.swift */,
				DAA5CCDF2A94800F00003DBD /* Main.storyboard */,
				DAA5CCE22A94801000003DBD /* Assets.xcassets */,
				DAA5CCE42A94801000003DBD /* LaunchScreen.storyboard */,
				DAA5CCE72A94801000003DBD /* Info.plist */,
			);
			path = TossBenefitTab;
			sourceTree = "<group>";
		};
		DAA5CCEF2A94801000003DBD /* TossBenefitTabTests */ = {
			isa = PBXGroup;
			children = (
				DAA5CCF02A94801000003DBD /* TossBenefitTabTests.swift */,
			);
			path = TossBenefitTabTests;
			sourceTree = "<group>";
		};
		DAA5CCF92A94801000003DBD /* TossBenefitTabUITests */ = {
			isa = PBXGroup;
			children = (
				DAA5CCFA2A94801000003DBD /* TossBenefitTabUITests.swift */,
				DAA5CCFC2A94801000003DBD /* TossBenefitTabUITestsLaunchTests.swift */,
			);
			path = TossBenefitTabUITests;
			sourceTree = "<group>";
		};
/* End PBXGroup section */

/* Begin PBXNativeTarget section */
		DAA5CCD52A94800F00003DBD /* TossBenefitTab */ = {
			isa = PBXNativeTarget;
			buildConfigurationList = DAA5CD002A94801000003DBD /* Build configuration list for PBXNativeTarget "TossBenefitTab" */;
			buildPhases = (
				DAA5CCD22A94800F00003DBD /* Sources */,
				DAA5CCD32A94800F00003DBD /* Frameworks */,
				DAA5CCD42A94800F00003DBD /* Resources */,
			);
			buildRules = (
			);
			dependencies = (
			);
			name = TossBenefitTab;
			productName = TossBenefitTab;
			productReference = DAA5CCD62A94800F00003DBD /* TossBenefitTab.app */;
			productType = "com.apple.product-type.application";
		};
		DAA5CCEB2A94801000003DBD /* TossBenefitTabTests */ = {
			isa = PBXNativeTarget;
			buildConfigurationList = DAA5CD032A94801000003DBD /* Build configuration list for PBXNativeTarget "TossBenefitTabTests" */;
			buildPhases = (
				DAA5CCE82A94801000003DBD /* Sources */,
				DAA5CCE92A94801000003DBD /* Frameworks */,
				DAA5CCEA2A94801000003DBD /* Resources */,
			);
			buildRules = (
			);
			dependencies = (
				DAA5CCEE2A94801000003DBD /* PBXTargetDependency */,
			);
			name = TossBenefitTabTests;
			productName = TossBenefitTabTests;
			productReference = DAA5CCEC2A94801000003DBD /* TossBenefitTabTests.xctest */;
			productType = "com.apple.product-type.bundle.unit-test";
		};
		DAA5CCF52A94801000003DBD /* TossBenefitTabUITests */ = {
			isa = PBXNativeTarget;
			buildConfigurationList = DAA5CD062A94801000003DBD /* Build configuration list for PBXNativeTarget "TossBenefitTabUITests" */;
			buildPhases = (
				DAA5CCF22A94801000003DBD /* Sources */,
				DAA5CCF32A94801000003DBD /* Frameworks */,
				DAA5CCF42A94801000003DBD /* Resources */,
			);
			buildRules = (
			);
			dependencies = (
				DAA5CCF82A94801000003DBD /* PBXTargetDependency */,
			);
			name = TossBenefitTabUITests;
			productName = TossBenefitTabUITests;
			productReference = DAA5CCF62A94801000003DBD /* TossBenefitTabUITests.xctest */;
			productType = "com.apple.product-type.bundle.ui-testing";
		};
/* End PBXNativeTarget section */

/* Begin PBXProject section */
		DAA5CCCE2A94800F00003DBD /* Project object */ = {
			isa = PBXProject;
			attributes = {
				BuildIndependentTargetsInParallel = 1;
				LastSwiftUpdateCheck = 1430;
				LastUpgradeCheck = 1430;
				TargetAttributes = {
					DAA5CCD52A94800F00003DBD = {
						CreatedOnToolsVersion = 14.3.1;
					};
					DAA5CCEB2A94801000003DBD = {
						CreatedOnToolsVersion = 14.3.1;
						TestTargetID = DAA5CCD52A94800F00003DBD;
					};
					DAA5CCF52A94801000003DBD = {
						CreatedOnToolsVersion = 14.3.1;
						TestTargetID = DAA5CCD52A94800F00003DBD;
					};
				};
			};
			buildConfigurationList = DAA5CCD12A94800F00003DBD /* Build configuration list for PBXProject "TossBenefitTab" */;
			compatibilityVersion = "Xcode 14.0";
			developmentRegion = en;
			hasScannedForEncodings = 0;
			knownRegions = (
				en,
				Base,
			);
			mainGroup = DAA5CCCD2A94800F00003DBD;
			productRefGroup = DAA5CCD72A94800F00003DBD /* Products */;
			projectDirPath = "";
			projectRoot = "";
			targets = (
				DAA5CCD52A94800F00003DBD /* TossBenefitTab */,
				DAA5CCEB2A94801000003DBD /* TossBenefitTabTests */,
				DAA5CCF52A94801000003DBD /* TossBenefitTabUITests */,
			);
		};
/* End PBXProject section */

/* Begin PBXResourcesBuildPhase section */
		DAA5CCD42A94800F00003DBD /* Resources */ = {
			isa = PBXResourcesBuildPhase;
			buildActionMask = 2147483647;
			files = (
				DAA5CCE62A94801000003DBD /* LaunchScreen.storyboard in Resources */,
				DAA5CCE32A94801000003DBD /* Assets.xcassets in Resources */,
				DAA5CCE12A94800F00003DBD /* Main.storyboard in Resources */,
			);
			runOnlyForDeploymentPostprocessing = 0;
		};
		DAA5CCEA2A94801000003DBD /* Resources */ = {
			isa = PBXResourcesBuildPhase;
			buildActionMask = 2147483647;
			files = (
			);
			runOnlyForDeploymentPostprocessing = 0;
		};
		DAA5CCF42A94801000003DBD /* Resources */ = {
			isa = PBXResourcesBuildPhase;
			buildActionMask = 2147483647;
			files = (
			);
			runOnlyForDeploymentPostprocessing = 0;
		};
/* End PBXResourcesBuildPhase section */

/* Begin PBXSourcesBuildPhase section */
		DAA5CCD22A94800F00003DBD /* Sources */ = {
			isa = PBXSourcesBuildPhase;
			buildActionMask = 2147483647;
			files = (
				DAA5CCDE2A94800F00003DBD /* ViewController.swift in Sources */,
				DAA5CCDA2A94800F00003DBD /* AppDelegate.swift in Sources */,
				DAA5CCDC2A94800F00003DBD /* SceneDelegate.swift in Sources */,
			);
			runOnlyForDeploymentPostprocessing = 0;
		};
		DAA5CCE82A94801000003DBD /* Sources */ = {
			isa = PBXSourcesBuildPhase;
			buildActionMask = 2147483647;
			files = (
				DAA5CCF12A94801000003DBD /* TossBenefitTabTests.swift in Sources */,
			);
			runOnlyForDeploymentPostprocessing = 0;
		};
		DAA5CCF22A94801000003DBD /* Sources */ = {
			isa = PBXSourcesBuildPhase;
			buildActionMask = 2147483647;
			files = (
				DAA5CCFB2A94801000003DBD /* TossBenefitTabUITests.swift in Sources */,
				DAA5CCFD2A94801000003DBD /* TossBenefitTabUITestsLaunchTests.swift in Sources */,
			);
			runOnlyForDeploymentPostprocessing = 0;
		};
/* End PBXSourcesBuildPhase section */

/* Begin PBXTargetDependency section */
		DAA5CCEE2A94801000003DBD /* PBXTargetDependency */ = {
			isa = PBXTargetDependency;
			target = DAA5CCD52A94800F00003DBD /* TossBenefitTab */;
			targetProxy = DAA5CCED2A94801000003DBD /* PBXContainerItemProxy */;
		};
		DAA5CCF82A94801000003DBD /* PBXTargetDependency */ = {
			isa = PBXTargetDependency;
			target = DAA5CCD52A94800F00003DBD /* TossBenefitTab */;
			targetProxy = DAA5CCF72A94801000003DBD /* PBXContainerItemProxy */;
		};
/* End PBXTargetDependency section */

/* Begin PBXVariantGroup section */
		DAA5CCDF2A94800F00003DBD /* Main.storyboard */ = {
			isa = PBXVariantGroup;
			children = (
				DAA5CCE02A94800F00003DBD /* Base */,
			);
			name = Main.storyboard;
			sourceTree = "<group>";
		};
		DAA5CCE42A94801000003DBD /* LaunchScreen.storyboard */ = {
			isa = PBXVariantGroup;
			children = (
				DAA5CCE52A94801000003DBD /* Base */,
			);
			name = LaunchScreen.storyboard;
			sourceTree = "<group>";
		};
/* End PBXVariantGroup section */

/* Begin XCBuildConfiguration section */
		DAA5CCFE2A94801000003DBD /* Debug */ = {
			isa = XCBuildConfiguration;
			buildSettings = {
				ALWAYS_SEARCH_USER_PATHS = NO;
				CLANG_ANALYZER_NONNULL = YES;
				CLANG_ANALYZER_NUMBER_OBJECT_CONVERSION = YES_AGGRESSIVE;
				CLANG_CXX_LANGUAGE_STANDARD = "gnu++20";
				CLANG_ENABLE_MODULES = YES;
				CLANG_ENABLE_OBJC_ARC = YES;
				CLANG_ENABLE_OBJC_WEAK = YES;
				CLANG_WARN_BLOCK_CAPTURE_AUTORELEASING = YES;
				CLANG_WARN_BOOL_CONVERSION = YES;
				CLANG_WARN_COMMA = YES;
				CLANG_WARN_CONSTANT_CONVERSION = YES;
				CLANG_WARN_DEPRECATED_OBJC_IMPLEMENTATIONS = YES;
				CLANG_WARN_DIRECT_OBJC_ISA_USAGE = YES_ERROR;
				CLANG_WARN_DOCUMENTATION_COMMENTS = YES;
				CLANG_WARN_EMPTY_BODY = YES;
				CLANG_WARN_ENUM_CONVERSION = YES;
				CLANG_WARN_INFINITE_RECURSION = YES;
				CLANG_WARN_INT_CONVERSION = YES;
				CLANG_WARN_NON_LITERAL_NULL_CONVERSION = YES;
				CLANG_WARN_OBJC_IMPLICIT_RETAIN_SELF = YES;
				CLANG_WARN_OBJC_LITERAL_CONVERSION = YES;
				CLANG_WARN_OBJC_ROOT_CLASS = YES_ERROR;
				CLANG_WARN_QUOTED_INCLUDE_IN_FRAMEWORK_HEADER = YES;
				CLANG_WARN_RANGE_LOOP_ANALYSIS = YES;
				CLANG_WARN_STRICT_PROTOTYPES = YES;
				CLANG_WARN_SUSPICIOUS_MOVE = YES;
				CLANG_WARN_UNGUARDED_AVAILABILITY = YES_AGGRESSIVE;
				CLANG_WARN_UNREACHABLE_CODE = YES;
				CLANG_WARN__DUPLICATE_METHOD_MATCH = YES;
				COPY_PHASE_STRIP = NO;
				DEBUG_INFORMATION_FORMAT = dwarf;
				ENABLE_STRICT_OBJC_MSGSEND = YES;
				ENABLE_TESTABILITY = YES;
				GCC_C_LANGUAGE_STANDARD = gnu11;
				GCC_DYNAMIC_NO_PIC = NO;
				GCC_NO_COMMON_BLOCKS = YES;
				GCC_OPTIMIZATION_LEVEL = 0;
				GCC_PREPROCESSOR_DEFINITIONS = (
					"DEBUG=1",
					"$(inherited)",
				);
				GCC_WARN_64_TO_32_BIT_CONVERSION = YES;
				GCC_WARN_ABOUT_RETURN_TYPE = YES_ERROR;
				GCC_WARN_UNDECLARED_SELECTOR = YES;
				GCC_WARN_UNINITIALIZED_AUTOS = YES_AGGRESSIVE;
				GCC_WARN_UNUSED_FUNCTION = YES;
				GCC_WARN_UNUSED_VARIABLE = YES;
				IPHONEOS_DEPLOYMENT_TARGET = 16.4;
				MTL_ENABLE_DEBUG_INFO = INCLUDE_SOURCE;
				MTL_FAST_MATH = YES;
				ONLY_ACTIVE_ARCH = YES;
				SDKROOT = iphoneos;
				SWIFT_ACTIVE_COMPILATION_CONDITIONS = DEBUG;
				SWIFT_OPTIMIZATION_LEVEL = "-Onone";
			};
			name = Debug;
		};
		DAA5CCFF2A94801000003DBD /* Release */ = {
			isa = XCBuildConfiguration;
			buildSettings = {
				ALWAYS_SEARCH_USER_PATHS = NO;
				CLANG_ANALYZER_NONNULL = YES;
				CLANG_ANALYZER_NUMBER_OBJECT_CONVERSION = YES_AGGRESSIVE;
				CLANG_CXX_LANGUAGE_STANDARD = "gnu++20";
				CLANG_ENABLE_MODULES = YES;
				CLANG_ENABLE_OBJC_ARC = YES;
				CLANG_ENABLE_OBJC_WEAK = YES;
				CLANG_WARN_BLOCK_CAPTURE_AUTORELEASING = YES;
				CLANG_WARN_BOOL_CONVERSION = YES;
				CLANG_WARN_COMMA = YES;
				CLANG_WARN_CONSTANT_CONVERSION = YES;
				CLANG_WARN_DEPRECATED_OBJC_IMPLEMENTATIONS = YES;
				CLANG_WARN_DIRECT_OBJC_ISA_USAGE = YES_ERROR;
				CLANG_WARN_DOCUMENTATION_COMMENTS = YES;
				CLANG_WARN_EMPTY_BODY = YES;
				CLANG_WARN_ENUM_CONVERSION = YES;
				CLANG_WARN_INFINITE_RECURSION = YES;
				CLANG_WARN_INT_CONVERSION = YES;
				CLANG_WARN_NON_LITERAL_NULL_CONVERSION = YES;
				CLANG_WARN_OBJC_IMPLICIT_RETAIN_SELF = YES;
				CLANG_WARN_OBJC_LITERAL_CONVERSION = YES;
				CLANG_WARN_OBJC_ROOT_CLASS = YES_ERROR;
				CLANG_WARN_QUOTED_INCLUDE_IN_FRAMEWORK_HEADER = YES;
				CLANG_WARN_RANGE_LOOP_ANALYSIS = YES;
				CLANG_WARN_STRICT_PROTOTYPES = YES;
				CLANG_WARN_SUSPICIOUS_MOVE = YES;
				CLANG_WARN_UNGUARDED_AVAILABILITY = YES_AGGRESSIVE;
				CLANG_WARN_UNREACHABLE_CODE = YES;
				CLANG_WARN__DUPLICATE_METHOD_MATCH = YES;
				COPY_PHASE_STRIP = NO;
				DEBUG_INFORMATION_FORMAT = "dwarf-with-dsym";
				ENABLE_NS_ASSERTIONS = NO;
				ENABLE_STRICT_OBJC_MSGSEND = YES;
				GCC_C_LANGUAGE_STANDARD = gnu11;
				GCC_NO_COMMON_BLOCKS = YES;
				GCC_WARN_64_TO_32_BIT_CONVERSION = YES;
				GCC_WARN_ABOUT_RETURN_TYPE = YES_ERROR;
				GCC_WARN_UNDECLARED_SELECTOR = YES;
				GCC_WARN_UNINITIALIZED_AUTOS = YES_AGGRESSIVE;
				GCC_WARN_UNUSED_FUNCTION = YES;
				GCC_WARN_UNUSED_VARIABLE = YES;
				IPHONEOS_DEPLOYMENT_TARGET = 16.4;
				MTL_ENABLE_DEBUG_INFO = NO;
				MTL_FAST_MATH = YES;
				SDKROOT = iphoneos;
				SWIFT_COMPILATION_MODE = wholemodule;
				SWIFT_OPTIMIZATION_LEVEL = "-O";
				VALIDATE_PRODUCT = YES;
			};
			name = Release;
		};
		DAA5CD012A94801000003DBD /* Debug */ = {
			isa = XCBuildConfiguration;
			buildSettings = {
				ASSETCATALOG_COMPILER_APPICON_NAME = AppIcon;
				ASSETCATALOG_COMPILER_GLOBAL_ACCENT_COLOR_NAME = AccentColor;
				CODE_SIGN_STYLE = Automatic;
				CURRENT_PROJECT_VERSION = 1;
				DEVELOPMENT_TEAM = 839W2CPX46;
				GENERATE_INFOPLIST_FILE = YES;
				INFOPLIST_FILE = TossBenefitTab/Info.plist;
				INFOPLIST_KEY_UIApplicationSupportsIndirectInputEvents = YES;
				INFOPLIST_KEY_UILaunchStoryboardName = LaunchScreen;
				INFOPLIST_KEY_UIMainStoryboardFile = Main;
				INFOPLIST_KEY_UISupportedInterfaceOrientations_iPad = "UIInterfaceOrientationPortrait UIInterfaceOrientationPortraitUpsideDown UIInterfaceOrientationLandscapeLeft UIInterfaceOrientationLandscapeRight";
				INFOPLIST_KEY_UISupportedInterfaceOrientations_iPhone = "UIInterfaceOrientationPortrait UIInterfaceOrientationLandscapeLeft UIInterfaceOrientationLandscapeRight";
				LD_RUNPATH_SEARCH_PATHS = (
					"$(inherited)",
					"@executable_path/Frameworks",
				);
				MARKETING_VERSION = 1.0;
				PRODUCT_BUNDLE_IDENTIFIER = com.example.TossBenefitTab;
				PRODUCT_NAME = "$(TARGET_NAME)";
				SWIFT_EMIT_LOC_STRINGS = YES;
				SWIFT_VERSION = 5.0;
				TARGETED_DEVICE_FAMILY = "1,2";
			};
			name = Debug;
		};
		DAA5CD022A94801000003DBD /* Release */ = {
			isa = XCBuildConfiguration;
			buildSettings = {
				ASSETCATALOG_COMPILER_APPICON_NAME = AppIcon;
				ASSETCATALOG_COMPILER_GLOBAL_ACCENT_COLOR_NAME = AccentColor;
				CODE_SIGN_STYLE = Automatic;
				CURRENT_PROJECT_VERSION = 1;
				DEVELOPMENT_TEAM = 839W2CPX46;
				GENERATE_INFOPLIST_FILE = YES;
				INFOPLIST_FILE = TossBenefitTab/Info.plist;
				INFOPLIST_KEY_UIApplicationSupportsIndirectInputEvents = YES;
				INFOPLIST_KEY_UILaunchStoryboardName = LaunchScreen;
				INFOPLIST_KEY_UIMainStoryboardFile = Main;
				INFOPLIST_KEY_UISupportedInterfaceOrientations_iPad = "UIInterfaceOrientationPortrait UIInterfaceOrientationPortraitUpsideDown UIInterfaceOrientationLandscapeLeft UIInterfaceOrientationLandscapeRight";
				INFOPLIST_KEY_UISupportedInterfaceOrientations_iPhone = "UIInterfaceOrientationPortrait UIInterfaceOrientationLandscapeLeft UIInterfaceOrientationLandscapeRight";
				LD_RUNPATH_SEARCH_PATHS = (
					"$(inherited)",
					"@executable_path/Frameworks",
				);
				MARKETING_VERSION = 1.0;
				PRODUCT_BUNDLE_IDENTIFIER = com.example.TossBenefitTab;
				PRODUCT_NAME = "$(TARGET_NAME)";
				SWIFT_EMIT_LOC_STRINGS = YES;
				SWIFT_VERSION = 5.0;
				TARGETED_DEVICE_FAMILY = "1,2";
			};
			name = Release;
		};
		DAA5CD042A94801000003DBD /* Debug */ = {
			isa = XCBuildConfiguration;
			buildSettings = {
				ALWAYS_EMBED_SWIFT_STANDARD_LIBRARIES = YES;
				BUNDLE_LOADER = "$(TEST_HOST)";
				CODE_SIGN_STYLE = Automatic;
				CURRENT_PROJECT_VERSION = 1;
				DEVELOPMENT_TEAM = 839W2CPX46;
				GENERATE_INFOPLIST_FILE = YES;
				IPHONEOS_DEPLOYMENT_TARGET = 16.4;
				MARKETING_VERSION = 1.0;
				PRODUCT_BUNDLE_IDENTIFIER = com.example.TossBenefitTabTests;
				PRODUCT_NAME = "$(TARGET_NAME)";
				SWIFT_EMIT_LOC_STRINGS = NO;
				SWIFT_VERSION = 5.0;
				TARGETED_DEVICE_FAMILY = "1,2";
				TEST_HOST = "$(BUILT_PRODUCTS_DIR)/TossBenefitTab.app/$(BUNDLE_EXECUTABLE_FOLDER_PATH)/TossBenefitTab";
			};
			name = Debug;
		};
		DAA5CD052A94801000003DBD /* Release */ = {
			isa = XCBuildConfiguration;
			buildSettings = {
				ALWAYS_EMBED_SWIFT_STANDARD_LIBRARIES = YES;
				BUNDLE_LOADER = "$(TEST_HOST)";
				CODE_SIGN_STYLE = Automatic;
				CURRENT_PROJECT_VERSION = 1;
				DEVELOPMENT_TEAM = 839W2CPX46;
				GENERATE_INFOPLIST_FILE = YES;
				IPHONEOS_DEPLOYMENT_TARGET = 16.4;
				MARKETING_VERSION = 1.0;
				PRODUCT_BUNDLE_IDENTIFIER = com.example.TossBenefitTabTests;
				PRODUCT_NAME = "$(TARGET_NAME)";
				SWIFT_EMIT_LOC_STRINGS = NO;
				SWIFT_VERSION = 5.0;
				TARGETED_DEVICE_FAMILY = "1,2";
				TEST_HOST = "$(BUILT_PRODUCTS_DIR)/TossBenefitTab.app/$(BUNDLE_EXECUTABLE_FOLDER_PATH)/TossBenefitTab";
			};
			name = Release;
		};
		DAA5CD072A94801000003DBD /* Debug */ = {
			isa = XCBuildConfiguration;
			buildSettings = {
				ALWAYS_EMBED_SWIFT_STANDARD_LIBRARIES = YES;
				CODE_SIGN_STYLE = Automatic;
				CURRENT_PROJECT_VERSION = 1;
				DEVELOPMENT_TEAM = 839W2CPX46;
				GENERATE_INFOPLIST_FILE = YES;
				MARKETING_VERSION = 1.0;
				PRODUCT_BUNDLE_IDENTIFIER = com.example.TossBenefitTabUITests;
				PRODUCT_NAME = "$(TARGET_NAME)";
				SWIFT_EMIT_LOC_STRINGS = NO;
				SWIFT_VERSION = 5.0;
				TARGETED_DEVICE_FAMILY = "1,2";
				TEST_TARGET_NAME = TossBenefitTab;
			};
			name = Debug;
		};
		DAA5CD082A94801000003DBD /* Release */ = {
			isa = XCBuildConfiguration;
			buildSettings = {
				ALWAYS_EMBED_SWIFT_STANDARD_LIBRARIES = YES;
				CODE_SIGN_STYLE = Automatic;
				CURRENT_PROJECT_VERSION = 1;
				DEVELOPMENT_TEAM = 839W2CPX46;
				GENERATE_INFOPLIST_FILE = YES;
				MARKETING_VERSION = 1.0;
				PRODUCT_BUNDLE_IDENTIFIER = com.example.TossBenefitTabUITests;
				PRODUCT_NAME = "$(TARGET_NAME)";
				SWIFT_EMIT_LOC_STRINGS = NO;
				SWIFT_VERSION = 5.0;
				TARGETED_DEVICE_FAMILY = "1,2";
				TEST_TARGET_NAME = TossBenefitTab;
			};
			name = Release;
		};
/* End XCBuildConfiguration section */

/* Begin XCConfigurationList section */
		DAA5CCD12A94800F00003DBD /* Build configuration list for PBXProject "TossBenefitTab" */ = {
			isa = XCConfigurationList;
			buildConfigurations = (
				DAA5CCFE2A94801000003DBD /* Debug */,
				DAA5CCFF2A94801000003DBD /* Release */,
			);
			defaultConfigurationIsVisible = 0;
			defaultConfigurationName = Release;
		};
		DAA5CD002A94801000003DBD /* Build configuration list for PBXNativeTarget "TossBenefitTab" */ = {
			isa = XCConfigurationList;
			buildConfigurations = (
				DAA5CD012A94801000003DBD /* Debug */,
				DAA5CD022A94801000003DBD /* Release */,
			);
			defaultConfigurationIsVisible = 0;
			defaultConfigurationName = Release;
		};
		DAA5CD032A94801000003DBD /* Build configuration list for PBXNativeTarget "TossBenefitTabTests" */ = {
			isa = XCConfigurationList;
			buildConfigurations = (
				DAA5CD042A94801000003DBD /* Debug */,
				DAA5CD052A94801000003DBD /* Release */,
			);
			defaultConfigurationIsVisible = 0;
			defaultConfigurationName = Release;
		};
		DAA5CD062A94801000003DBD /* Build configuration list for PBXNativeTarget "TossBenefitTabUITests" */ = {
			isa = XCConfigurationList;
			buildConfigurations = (
				DAA5CD072A94801000003DBD /* Debug */,
				DAA5CD082A94801000003DBD /* Release */,
			);
			defaultConfigurationIsVisible = 0;
			defaultConfigurationName = Release;
		};
/* End XCConfigurationList section */
	};
	rootObject = DAA5CCCE2A94800F00003DBD /* Project object */;
}
